
Microsoft Visual Studio Solution File, Format Version 12.00
# Visual Studio Version 17
VisualStudioVersion = 17.12.35707.178
MinimumVisualStudioVersion = 10.0.40219.1
Project("{FAE04EC0-301F-11D3-BF4B-00C04F79EFBC}") = "CommunityAbp.AspNetZero.Emailing.Postmark", "src\CommunityAbp.AspNetZero.Emailing.Postmark\CommunityAbp.AspNetZero.Emailing.Postmark.csproj", "{D7B901ED-D235-4E1C-BDD5-ABC60690D5F7}"
EndProject
Project("{2150E333-8FDC-42A3-9474-1A3956D46DE8}") = "Solution Items", "Solution Items", "{6149630E-D47D-4159-B64E-7BC20C64AB81}"
	ProjectSection(SolutionItems) = preProject
		.editorconfig = .editorconfig
		.gitignore = .gitignore
		LICENSE = LICENSE
		.github\workflows\publish.yml = .github\workflows\publish.yml
		README.md = README.md
	EndProjectSection
EndProject
Project("{FAE04EC0-301F-11D3-BF4B-00C04F79EFBC}") = "CommunityAbp.AspNetZero.Emailing.Postmark.Tests", "test\CommunityAbp.AspNetZero.Emailing.Postmark.Tests\CommunityAbp.AspNetZero.Emailing.Postmark.Tests.csproj", "{994E3A99-D015-43EB-8165-15C188C370D6}"
EndProject
Project("{2150E333-8FDC-42A3-9474-1A3956D46DE8}") = "BoilerplatePostmarkTest", "BoilerplatePostmarkTest", "{CE5866CB-F74C-4853-B6EA-C2A64D9C2AEE}"
EndProject
Project("{FAE04EC0-301F-11D3-BF4B-00C04F79EFBC}") = "BoilerplatePostmarkTest.Core", "src\BoilerplatePostmarkTest\BoilerplatePostmarkTest.Core\BoilerplatePostmarkTest.Core.csproj", "{F1EE49FE-2D9B-4000-8F8C-25455C322CD2}"
EndProject
Project("{FAE04EC0-301F-11D3-BF4B-00C04F79EFBC}") = "BoilerplatePostmarkTest.EntityFrameworkCore", "src\BoilerplatePostmarkTest\BoilerplatePostmarkTest.EntityFrameworkCore\BoilerplatePostmarkTest.EntityFrameworkCore.csproj", "{01191768-CB6D-47A0-9C43-943CB2C9DEEF}"
EndProject
Project("{FAE04EC0-301F-11D3-BF4B-00C04F79EFBC}") = "BoilerplatePostmarkTest.Application", "src\BoilerplatePostmarkTest\BoilerplatePostmarkTest.Application\BoilerplatePostmarkTest.Application.csproj", "{DE979B65-1D39-4CDF-9D88-AE24E0617EC9}"
EndProject
Project("{FAE04EC0-301F-11D3-BF4B-00C04F79EFBC}") = "BoilerplatePostmarkTest.Web", "src\BoilerplatePostmarkTest\BoilerplatePostmarkTest.Web\BoilerplatePostmarkTest.Web.csproj", "{7450E37D-2D9B-4E17-923A-301F1B3DA0B8}"
EndProject
Global
	GlobalSection(SolutionConfigurationPlatforms) = preSolution
		Debug|Any CPU = Debug|Any CPU
		Release|Any CPU = Release|Any CPU
	EndGlobalSection
	GlobalSection(ProjectConfigurationPlatforms) = postSolution
		{D7B901ED-D235-4E1C-BDD5-ABC60690D5F7}.Debug|Any CPU.ActiveCfg = Debug|Any CPU
		{D7B901ED-D235-4E1C-BDD5-ABC60690D5F7}.Debug|Any CPU.Build.0 = Debug|Any CPU
		{D7B901ED-D235-4E1C-BDD5-ABC60690D5F7}.Release|Any CPU.ActiveCfg = Release|Any CPU
		{D7B901ED-D235-4E1C-BDD5-ABC60690D5F7}.Release|Any CPU.Build.0 = Release|Any CPU
		{994E3A99-D015-43EB-8165-15C188C370D6}.Debug|Any CPU.ActiveCfg = Debug|Any CPU
		{994E3A99-D015-43EB-8165-15C188C370D6}.Debug|Any CPU.Build.0 = Debug|Any CPU
		{994E3A99-D015-43EB-8165-15C188C370D6}.Release|Any CPU.ActiveCfg = Release|Any CPU
		{994E3A99-D015-43EB-8165-15C188C370D6}.Release|Any CPU.Build.0 = Release|Any CPU
		{F1EE49FE-2D9B-4000-8F8C-25455C322CD2}.Debug|Any CPU.ActiveCfg = Debug|Any CPU
		{F1EE49FE-2D9B-4000-8F8C-25455C322CD2}.Debug|Any CPU.Build.0 = Debug|Any CPU
		{F1EE49FE-2D9B-4000-8F8C-25455C322CD2}.Release|Any CPU.ActiveCfg = Release|Any CPU
		{F1EE49FE-2D9B-4000-8F8C-25455C322CD2}.Release|Any CPU.Build.0 = Release|Any CPU
		{01191768-CB6D-47A0-9C43-943CB2C9DEEF}.Debug|Any CPU.ActiveCfg = Debug|Any CPU
		{01191768-CB6D-47A0-9C43-943CB2C9DEEF}.Debug|Any CPU.Build.0 = Debug|Any CPU
		{01191768-CB6D-47A0-9C43-943CB2C9DEEF}.Release|Any CPU.ActiveCfg = Release|Any CPU
		{01191768-CB6D-47A0-9C43-943CB2C9DEEF}.Release|Any CPU.Build.0 = Release|Any CPU
		{DE979B65-1D39-4CDF-9D88-AE24E0617EC9}.Debug|Any CPU.ActiveCfg = Debug|Any CPU
		{DE979B65-1D39-4CDF-9D88-AE24E0617EC9}.Debug|Any CPU.Build.0 = Debug|Any CPU
		{DE979B65-1D39-4CDF-9D88-AE24E0617EC9}.Release|Any CPU.ActiveCfg = Release|Any CPU
		{DE979B65-1D39-4CDF-9D88-AE24E0617EC9}.Release|Any CPU.Build.0 = Release|Any CPU
		{7450E37D-2D9B-4E17-923A-301F1B3DA0B8}.Debug|Any CPU.ActiveCfg = Debug|Any CPU
		{7450E37D-2D9B-4E17-923A-301F1B3DA0B8}.Debug|Any CPU.Build.0 = Debug|Any CPU
		{7450E37D-2D9B-4E17-923A-301F1B3DA0B8}.Release|Any CPU.ActiveCfg = Release|Any CPU
		{7450E37D-2D9B-4E17-923A-301F1B3DA0B8}.Release|Any CPU.Build.0 = Release|Any CPU
	EndGlobalSection
	GlobalSection(SolutionProperties) = preSolution
		HideSolutionNode = FALSE
	EndGlobalSection
	GlobalSection(NestedProjects) = preSolution
		{F1EE49FE-2D9B-4000-8F8C-25455C322CD2} = {CE5866CB-F74C-4853-B6EA-C2A64D9C2AEE}
		{01191768-CB6D-47A0-9C43-943CB2C9DEEF} = {CE5866CB-F74C-4853-B6EA-C2A64D9C2AEE}
		{DE979B65-1D39-4CDF-9D88-AE24E0617EC9} = {CE5866CB-F74C-4853-B6EA-C2A64D9C2AEE}
		{7450E37D-2D9B-4E17-923A-301F1B3DA0B8} = {CE5866CB-F74C-4853-B6EA-C2A64D9C2AEE}
	EndGlobalSection
EndGlobal
